<?xml version="1.0" encoding="UTF-8"?>
<Scheme
   version = "1.3">
   <BuildAction>
      <BuildActionEntries>
         <BuildActionEntry
            buildForRunning = "YES">
            <BuildableReference
               BuildableIdentifier = "primary"
               BlueprintIdentifier = "1B50A24BFFCA528086561DFE"
               BuildableName = "appsly-ios-rest-utils.app"
               BlueprintName = "appsly-ios-rest-utils"
               ReferencedContainer = "container:appsly-ios-rest-utils.xcodeproj">
            </BuildableReference>
         </BuildActionEntry>
      </BuildActionEntries>
   </BuildAction>
   <LaunchAction
      useCustomWorkingDirectory = "NO"
      buildConfiguration = "Debug">
      <BuildableProductRunnable>
         <BuildableReference
            BuildableIdentifier = "primary"
            BlueprintIdentifier = "1B50A24BFFCA528086561DFE"
            BuildableName = "appsly-ios-rest-utils.app"
            BlueprintName = "appsly-ios-rest-utils"
            ReferencedContainer = "container:appsly-ios-rest-utils.xcodeproj">
         </BuildableReference>
      </BuildableProductRunnable>
   </LaunchAction>
</Scheme>
